// !$*UTF8*$!
{
	archiveVersion = 1;
	classes = {
	};
	objectVersion = 56;
	objects = {

/* Begin PBXBuildFile section */
		0D63D3542E652A28006BBE0C /* PrivacyPolicyView.swift in Sources */ = {isa = PBXBuildFile; fileRef = 0D63D3532E652A27006BBE0C /* PrivacyPolicyView.swift */; };
		0D63D3562E652A33006BBE0C /* TermsOfServiceView.swift in Sources */ = {isa = PBXBuildFile; fileRef = 0D63D3552E652A33006BBE0C /* TermsOfServiceView.swift */; };
		0DC84AB22E65A00600D7BB69 /* ContactSupportView.swift in Sources */ = {isa = PBXBuildFile; fileRef = 0DC84AB12E65A00600D7BB69 /* ContactSupportView.swift */; };
		0DC84AB62E65A10200D7BB69 /* AnalyticsView.swift in Sources */ = {isa = PBXBuildFile; fileRef = 0DC84AB52E65A10200D7BB69 /* AnalyticsView.swift */; };
		0DC84AB82E6647A700D7BB69 /* BackgroundColorManager.swift in Sources */ = {isa = PBXBuildFile; fileRef = 0DC84AB72E6647A700D7BB69 /* BackgroundColorManager.swift */; };
		A1234567890123456789012 /* FlowPaceApp.swift in Sources */ = {isa = PBXBuildFile; fileRef = A1234567890123456789013 /* FlowPaceApp.swift */; };
		A1234567890123456789014 /* ContentView.swift in Sources */ = {isa = PBXBuildFile; fileRef = A1234567890123456789015 /* ContentView.swift */; };
		A1234567890123456789016 /* Assets.xcassets in Resources */ = {isa = PBXBuildFile; fileRef = A1234567890123456789017 /* Assets.xcassets */; };
		A1234567890123456789018 /* Preview Assets.xcassets in Resources */ = {isa = PBXBuildFile; fileRef = A1234567890123456789019 /* Preview Assets.xcassets */; };
		A1234567890123456789020 /* RoutineListView.swift in Sources */ = {isa = PBXBuildFile; fileRef = A1234567890123456789021 /* RoutineListView.swift */; };
		A1234567890123456789022 /* RoutineEditorView.swift in Sources */ = {isa = PBXBuildFile; fileRef = A1234567890123456789023 /* RoutineEditorView.swift */; };
		A1234567890123456789024 /* ActiveTimerView.swift in Sources */ = {isa = PBXBuildFile; fileRef = A1234567890123456789025 /* ActiveTimerView.swift */; };
		A1234567890123456789026 /* Models.swift in Sources */ = {isa = PBXBuildFile; fileRef = A1234567890123456789027 /* Models.swift */; };
		A1234567890123456789028 /* RoutineManager.swift in Sources */ = {isa = PBXBuildFile; fileRef = A1234567890123456789029 /* RoutineManager.swift */; };
		A1234567890123456789030 /* TimerManager.swift in Sources */ = {isa = PBXBuildFile; fileRef = A1234567890123456789031 /* TimerManager.swift */; };
		A1234567890123456789032 /* AudioManager.swift in Sources */ = {isa = PBXBuildFile; fileRef = A1234567890123456789033 /* AudioManager.swift */; };
		A1234567890123456789034 /* HapticManager.swift in Sources */ = {isa = PBXBuildFile; fileRef = A1234567890123456789035 /* HapticManager.swift */; };
		A1234567890123456789036 /* StoreKitManager.swift in Sources */ = {isa = PBXBuildFile; fileRef = A1234567890123456789037 /* StoreKitManager.swift */; };
		A1234567890123456789064 /* AddStepView.swift in Sources */ = {isa = PBXBuildFile; fileRef = A1234567890123456789060 /* AddStepView.swift */; };
		A1234567890123456789065 /* AddGroupView.swift in Sources */ = {isa = PBXBuildFile; fileRef = A1234567890123456789061 /* AddGroupView.swift */; };
		A1234567890123456789066 /* EditItemView.swift in Sources */ = {isa = PBXBuildFile; fileRef = A1234567890123456789062 /* EditItemView.swift */; };
		A1234567890123456789067 /* SettingsView.swift in Sources */ = {isa = PBXBuildFile; fileRef = A1234567890123456789063 /* SettingsView.swift */; };
		A1234567890123456789069 /* SplashScreenView.swift in Sources */ = {isa = PBXBuildFile; fileRef = A1234567890123456789068 /* SplashScreenView.swift */; };
/* End PBXBuildFile section */

/* Begin PBXFileReference section */
		0D63D3532E652A27006BBE0C /* PrivacyPolicyView.swift */ = {isa = PBXFileReference; lastKnownFileType = sourcecode.swift; path = PrivacyPolicyView.swift; sourceTree = "<group>"; };
		0D63D3552E652A33006BBE0C /* TermsOfServiceView.swift */ = {isa = PBXFileReference; lastKnownFileType = sourcecode.swift; path = TermsOfServiceView.swift; sourceTree = "<group>"; };
		0DC84AB12E65A00600D7BB69 /* ContactSupportView.swift */ = {isa = PBXFileReference; lastKnownFileType = sourcecode.swift; path = ContactSupportView.swift; sourceTree = "<group>"; };
		0DC84AB52E65A10200D7BB69 /* AnalyticsView.swift */ = {isa = PBXFileReference; lastKnownFileType = sourcecode.swift; path = AnalyticsView.swift; sourceTree = "<group>"; };
		0DC84AB72E6647A700D7BB69 /* BackgroundColorManager.swift */ = {isa = PBXFileReference; lastKnownFileType = sourcecode.swift; path = BackgroundColorManager.swift; sourceTree = "<group>"; };
		A1234567890123456789013 /* FlowPaceApp.swift */ = {isa = PBXFileReference; lastKnownFileType = sourcecode.swift; path = FlowPaceApp.swift; sourceTree = "<group>"; };
		A1234567890123456789015 /* ContentView.swift */ = {isa = PBXFileReference; lastKnownFileType = sourcecode.swift; path = ContentView.swift; sourceTree = "<group>"; };
		A1234567890123456789017 /* Assets.xcassets */ = {isa = PBXFileReference; lastKnownFileType = folder.assetcatalog; path = Assets.xcassets; sourceTree = "<group>"; };
		A1234567890123456789019 /* Preview Assets.xcassets */ = {isa = PBXFileReference; lastKnownFileType = folder.assetcatalog; path = "Preview Assets.xcassets"; sourceTree = "<group>"; };
		A1234567890123456789021 /* RoutineListView.swift */ = {isa = PBXFileReference; lastKnownFileType = sourcecode.swift; path = RoutineListView.swift; sourceTree = "<group>"; };
		A1234567890123456789023 /* RoutineEditorView.swift */ = {isa = PBXFileReference; lastKnownFileType = sourcecode.swift; path = RoutineEditorView.swift; sourceTree = "<group>"; };
		A1234567890123456789025 /* ActiveTimerView.swift */ = {isa = PBXFileReference; lastKnownFileType = sourcecode.swift; path = ActiveTimerView.swift; sourceTree = "<group>"; };
		A1234567890123456789027 /* Models.swift */ = {isa = PBXFileReference; lastKnownFileType = sourcecode.swift; path = Models.swift; sourceTree = "<group>"; };
		A1234567890123456789029 /* RoutineManager.swift */ = {isa = PBXFileReference; lastKnownFileType = sourcecode.swift; path = RoutineManager.swift; sourceTree = "<group>"; };
		A1234567890123456789031 /* TimerManager.swift */ = {isa = PBXFileReference; lastKnownFileType = sourcecode.swift; path = TimerManager.swift; sourceTree = "<group>"; };
		A1234567890123456789033 /* AudioManager.swift */ = {isa = PBXFileReference; lastKnownFileType = sourcecode.swift; path = AudioManager.swift; sourceTree = "<group>"; };
		A1234567890123456789035 /* HapticManager.swift */ = {isa = PBXFileReference; lastKnownFileType = sourcecode.swift; path = HapticManager.swift; sourceTree = "<group>"; };
		A1234567890123456789037 /* StoreKitManager.swift */ = {isa = PBXFileReference; lastKnownFileType = sourcecode.swift; path = StoreKitManager.swift; sourceTree = "<group>"; };
		A1234567890123456789038 /* FlowPace.entitlements */ = {isa = PBXFileReference; lastKnownFileType = text.plist.entitlements; path = FlowPace.entitlements; sourceTree = "<group>"; };
		A1234567890123456789039 /* Info.plist */ = {isa = PBXFileReference; lastKnownFileType = text.plist.xml; path = Info.plist; sourceTree = "<group>"; };
		A1234567890123456789040 /* FlowPace.app */ = {isa = PBXFileReference; explicitFileType = wrapper.application; includeInIndex = 0; path = FlowPace.app; sourceTree = BUILT_PRODUCTS_DIR; };
		A1234567890123456789060 /* AddStepView.swift */ = {isa = PBXFileReference; lastKnownFileType = sourcecode.swift; path = AddStepView.swift; sourceTree = "<group>"; };
		A1234567890123456789061 /* AddGroupView.swift */ = {isa = PBXFileReference; lastKnownFileType = sourcecode.swift; path = AddGroupView.swift; sourceTree = "<group>"; };
		A1234567890123456789062 /* EditItemView.swift */ = {isa = PBXFileReference; lastKnownFileType = sourcecode.swift; path = EditItemView.swift; sourceTree = "<group>"; };
		A1234567890123456789063 /* SettingsView.swift */ = {isa = PBXFileReference; lastKnownFileType = sourcecode.swift; path = SettingsView.swift; sourceTree = "<group>"; };
		A1234567890123456789068 /* SplashScreenView.swift */ = {isa = PBXFileReference; lastKnownFileType = sourcecode.swift; path = SplashScreenView.swift; sourceTree = "<group>"; };
/* End PBXFileReference section */

/* Begin PBXFrameworksBuildPhase section */
		A1234567890123456789041 /* Frameworks */ = {
			isa = PBXFrameworksBuildPhase;
			buildActionMask = 2147483647;
			files = (
			);
			runOnlyForDeploymentPostprocessing = 0;
		};
/* End PBXFrameworksBuildPhase section */

/* Begin PBXGroup section */
		A1234567890123456789042 /* FlowPace */ = {
			isa = PBXGroup;
			children = (
				A1234567890123456789013 /* FlowPaceApp.swift */,
				A1234567890123456789015 /* ContentView.swift */,
				A1234567890123456789043 /* Views */,
				A1234567890123456789044 /* Models */,
				A1234567890123456789045 /* Managers */,
				A1234567890123456789017 /* Assets.xcassets */,
				A1234567890123456789038 /* FlowPace.entitlements */,
				A1234567890123456789039 /* Info.plist */,
				A1234567890123456789046 /* Preview Content */,
			);
			path = FlowPace;
			sourceTree = "<group>";
		};
		A1234567890123456789043 /* Views */ = {
			isa = PBXGroup;
			children = (
				0DC84AB52E65A10200D7BB69 /* AnalyticsView.swift */,
				0DC84AB12E65A00600D7BB69 /* ContactSupportView.swift */,
				0D63D3552E652A33006BBE0C /* TermsOfServiceView.swift */,
				0D63D3532E652A27006BBE0C /* PrivacyPolicyView.swift */,
				A1234567890123456789021 /* RoutineListView.swift */,
				A1234567890123456789023 /* RoutineEditorView.swift */,
				A1234567890123456789025 /* ActiveTimerView.swift */,
				A1234567890123456789060 /* AddStepView.swift */,
				A1234567890123456789061 /* AddGroupView.swift */,
				A1234567890123456789062 /* EditItemView.swift */,
				A1234567890123456789063 /* SettingsView.swift */,
				A1234567890123456789068 /* SplashScreenView.swift */,
			);
			path = Views;
			sourceTree = "<group>";
		};
		A1234567890123456789044 /* Models */ = {
			isa = PBXGroup;
			children = (
				A1234567890123456789027 /* Models.swift */,
			);
			path = Models;
			sourceTree = "<group>";
		};
		A1234567890123456789045 /* Managers */ = {
			isa = PBXGroup;
			children = (
				0DC84AB72E6647A700D7BB69 /* BackgroundColorManager.swift */,
				A1234567890123456789029 /* RoutineManager.swift */,
				A1234567890123456789031 /* TimerManager.swift */,
				A1234567890123456789033 /* AudioManager.swift */,
				A1234567890123456789035 /* HapticManager.swift */,
				A1234567890123456789037 /* StoreKitManager.swift */,
			);
			path = Managers;
			sourceTree = "<group>";
		};
		A1234567890123456789046 /* Preview Content */ = {
			isa = PBXGroup;
			children = (
				A1234567890123456789019 /* Preview Assets.xcassets */,
			);
			path = "Preview Content";
			sourceTree = "<group>";
		};
		A1234567890123456789047 /* Products */ = {
			isa = PBXGroup;
			children = (
				A1234567890123456789040 /* FlowPace.app */,
			);
			name = Products;
			sourceTree = "<group>";
		};
		A1234567890123456789048 = {
			isa = PBXGroup;
			children = (
				A1234567890123456789042 /* FlowPace */,
				A1234567890123456789047 /* Products */,
			);
			sourceTree = "<group>";
		};
/* End PBXGroup section */

/* Begin PBXNativeTarget section */
		A1234567890123456789049 /* FlowPace */ = {
			isa = PBXNativeTarget;
			buildConfigurationList = A1234567890123456789050 /* Build configuration list for PBXNativeTarget "FlowPace" */;
			buildPhases = (
				A1234567890123456789051 /* Sources */,
				A1234567890123456789041 /* Frameworks */,
				A1234567890123456789052 /* Resources */,
			);
			buildRules = (
			);
			dependencies = (
			);
			name = FlowPace;
			productName = FlowPace;
			productReference = A1234567890123456789040 /* FlowPace.app */;
			productType = "com.apple.product-type.application";
		};
/* End PBXNativeTarget section */

/* Begin PBXProject section */
		A1234567890123456789053 /* Project object */ = {
			isa = PBXProject;
			attributes = {
				BuildIndependentTargetsInParallel = 1;
				LastSwiftUpdateCheck = 1640;
				LastUpgradeCheck = 1640;
				TargetAttributes = {
					A1234567890123456789049 = {
						CreatedOnToolsVersion = 16.4;
					};
				};
			};
			buildConfigurationList = A1234567890123456789054 /* Build configuration list for PBXProject "FlowPace" */;
			compatibilityVersion = "Xcode 14.0";
			developmentRegion = en;
			hasScannedForEncodings = 0;
			knownRegions = (
				en,
				Base,
			);
			mainGroup = A1234567890123456789048;
			productRefGroup = A1234567890123456789047 /* Products */;
			projectDirPath = "";
			projectRoot = "";
			targets = (
				A1234567890123456789049 /* FlowPace */,
			);
		};
/* End PBXProject section */

/* Begin PBXResourcesBuildPhase section */
		A1234567890123456789052 /* Resources */ = {
			isa = PBXResourcesBuildPhase;
			buildActionMask = 2147483647;
			files = (
				A1234567890123456789018 /* Preview Assets.xcassets in Resources */,
				A1234567890123456789016 /* Assets.xcassets in Resources */,
			);
			runOnlyForDeploymentPostprocessing = 0;
		};
/* End PBXResourcesBuildPhase section */

/* Begin PBXSourcesBuildPhase section */
		A1234567890123456789051 /* Sources */ = {
			isa = PBXSourcesBuildPhase;
			buildActionMask = 2147483647;
			files = (
				0D63D3542E652A28006BBE0C /* PrivacyPolicyView.swift in Sources */,
				A1234567890123456789014 /* ContentView.swift in Sources */,
				A1234567890123456789020 /* RoutineListView.swift in Sources */,
				A1234567890123456789022 /* RoutineEditorView.swift in Sources */,
				A1234567890123456789024 /* ActiveTimerView.swift in Sources */,
				A1234567890123456789026 /* Models.swift in Sources */,
				A1234567890123456789028 /* RoutineManager.swift in Sources */,
				A1234567890123456789030 /* TimerManager.swift in Sources */,
				A1234567890123456789032 /* AudioManager.swift in Sources */,
				A1234567890123456789034 /* HapticManager.swift in Sources */,
				A1234567890123456789036 /* StoreKitManager.swift in Sources */,
				0DC84AB82E6647A700D7BB69 /* BackgroundColorManager.swift in Sources */,
				A1234567890123456789064 /* AddStepView.swift in Sources */,
				A1234567890123456789065 /* AddGroupView.swift in Sources */,
				A1234567890123456789066 /* EditItemView.swift in Sources */,
				A1234567890123456789067 /* SettingsView.swift in Sources */,
				A1234567890123456789069 /* SplashScreenView.swift in Sources */,
				0DC84AB62E65A10200D7BB69 /* AnalyticsView.swift in Sources */,
				A1234567890123456789012 /* FlowPaceApp.swift in Sources */,
				0D63D3562E652A33006BBE0C /* TermsOfServiceView.swift in Sources */,
				0DC84AB22E65A00600D7BB69 /* ContactSupportView.swift in Sources */,
			);
			runOnlyForDeploymentPostprocessing = 0;
		};
/* End PBXSourcesBuildPhase section */

/* Begin XCBuildConfiguration section */
		A1234567890123456789055 /* Debug */ = {
			isa = XCBuildConfiguration;
			buildSettings = {
				ALWAYS_SEARCH_USER_PATHS = NO;
				ASSETCATALOG_COMPILER_GENERATE_SWIFT_ASSET_SYMBOL_EXTENSIONS = YES;
				CLANG_ANALYZER_NONNULL = YES;
				CLANG_ANALYZER_NUMBER_OBJECT_CONVERSION = YES_AGGRESSIVE;
				CLANG_CXX_LANGUAGE_STANDARD = "gnu++20";
				CLANG_ENABLE_MODULES = YES;
				CLANG_ENABLE_OBJC_ARC = YES;
				CLANG_ENABLE_OBJC_WEAK = YES;
				CLANG_WARN_BLOCK_CAPTURE_AUTORELEASING = YES;
				CLANG_WARN_BOOL_CONVERSION = YES;
				CLANG_WARN_COMMA = YES;
				CLANG_WARN_CONSTANT_CONVERSION = YES;
				CLANG_WARN_DEPRECATED_OBJC_IMPLEMENTATIONS = YES;
				CLANG_WARN_DIRECT_OBJC_ISA_USAGE = YES_ERROR;
				CLANG_WARN_DOCUMENTATION_COMMENTS = YES;
				CLANG_WARN_EMPTY_BODY = YES;
				CLANG_WARN_ENUM_CONVERSION = YES;
				CLANG_WARN_INFINITE_RECURSION = YES;
				CLANG_WARN_INT_CONVERSION = YES;
				CLANG_WARN_NON_LITERAL_NULL_CONVERSION = YES;
				CLANG_WARN_OBJC_IMPLICIT_RETAIN_SELF = YES;
				CLANG_WARN_OBJC_LITERAL_CONVERSION = YES;
				CLANG_WARN_OBJC_ROOT_CLASS = YES_ERROR;
				CLANG_WARN_QUOTED_INCLUDE_IN_FRAMEWORK_HEADER = YES;
				CLANG_WARN_RANGE_LOOP_ANALYSIS = YES;
				CLANG_WARN_STRICT_PROTOTYPES = YES;
				CLANG_WARN_SUSPICIOUS_MOVE = YES;
				CLANG_WARN_UNGUARDED_AVAILABILITY = YES_AGGRESSIVE;
				CLANG_WARN_UNREACHABLE_CODE = YES;
				CLANG_WARN__DUPLICATE_METHOD_MATCH = YES;
				COPY_PHASE_STRIP = NO;
				DEBUG_INFORMATION_FORMAT = dwarf;
				ENABLE_STRICT_OBJC_MSGSEND = YES;
				ENABLE_TESTABILITY = YES;
				ENABLE_USER_SCRIPT_SANDBOXING = YES;
				GCC_C_LANGUAGE_STANDARD = gnu17;
				GCC_DYNAMIC_NO_PIC = NO;
				GCC_NO_COMMON_BLOCKS = YES;
				GCC_OPTIMIZATION_LEVEL = 0;
				GCC_PREPROCESSOR_DEFINITIONS = (
					"DEBUG=1",
					"$(inherited)",
				);
				GCC_WARN_64_TO_32_BIT_CONVERSION = YES;
				GCC_WARN_ABOUT_RETURN_TYPE = YES_ERROR;
				GCC_WARN_UNDECLARED_SELECTOR = YES;
				GCC_WARN_UNINITIALIZED_AUTOS = YES_AGGRESSIVE;
				GCC_WARN_UNUSED_FUNCTION = YES;
				GCC_WARN_UNUSED_VARIABLE = YES;
				IPHONEOS_DEPLOYMENT_TARGET = 17.0;
				LOCALIZATION_PREFERS_STRING_CATALOGS = YES;
				MTL_ENABLE_DEBUG_INFO = INCLUDE_SOURCE;
				MTL_FAST_MATH = YES;
				ONLY_ACTIVE_ARCH = YES;
				SDKROOT = iphoneos;
				SWIFT_ACTIVE_COMPILATION_CONDITIONS = "DEBUG $(inherited)";
				SWIFT_OPTIMIZATION_LEVEL = "-Onone";
			};
			name = Debug;
		};
		A1234567890123456789056 /* Release */ = {
			isa = XCBuildConfiguration;
			buildSettings = {
				ALWAYS_SEARCH_USER_PATHS = NO;
				ASSETCATALOG_COMPILER_GENERATE_SWIFT_ASSET_SYMBOL_EXTENSIONS = YES;
				CLANG_ANALYZER_NONNULL = YES;
				CLANG_ANALYZER_NUMBER_OBJECT_CONVERSION = YES_AGGRESSIVE;
				CLANG_CXX_LANGUAGE_STANDARD = "gnu++20";
				CLANG_ENABLE_MODULES = YES;
				CLANG_ENABLE_OBJC_ARC = YES;
				CLANG_ENABLE_OBJC_WEAK = YES;
				CLANG_WARN_BLOCK_CAPTURE_AUTORELEASING = YES;
				CLANG_WARN_BOOL_CONVERSION = YES;
				CLANG_WARN_COMMA = YES;
				CLANG_WARN_CONSTANT_CONVERSION = YES;
				CLANG_WARN_DEPRECATED_OBJC_IMPLEMENTATIONS = YES;
				CLANG_WARN_DIRECT_OBJC_ISA_USAGE = YES_ERROR;
				CLANG_WARN_DOCUMENTATION_COMMENTS = YES;
				CLANG_WARN_EMPTY_BODY = YES;
				CLANG_WARN_ENUM_CONVERSION = YES;
				CLANG_WARN_INFINITE_RECURSION = YES;
				CLANG_WARN_INT_CONVERSION = YES;
				CLANG_WARN_NON_LITERAL_NULL_CONVERSION = YES;
				CLANG_WARN_OBJC_IMPLICIT_RETAIN_SELF = YES;
				CLANG_WARN_OBJC_LITERAL_CONVERSION = YES;
				CLANG_WARN_OBJC_ROOT_CLASS = YES_ERROR;
				CLANG_WARN_QUOTED_INCLUDE_IN_FRAMEWORK_HEADER = YES;
				CLANG_WARN_RANGE_LOOP_ANALYSIS = YES;
				CLANG_WARN_STRICT_PROTOTYPES = YES;
				CLANG_WARN_SUSPICIOUS_MOVE = YES;
				CLANG_WARN_UNGUARDED_AVAILABILITY = YES_AGGRESSIVE;
				CLANG_WARN_UNREACHABLE_CODE = YES;
				CLANG_WARN__DUPLICATE_METHOD_MATCH = YES;
				COPY_PHASE_STRIP = NO;
				DEBUG_INFORMATION_FORMAT = "dwarf-with-dsym";
				ENABLE_NS_ASSERTIONS = NO;
				ENABLE_STRICT_OBJC_MSGSEND = YES;
				ENABLE_USER_SCRIPT_SANDBOXING = YES;
				GCC_C_LANGUAGE_STANDARD = gnu17;
				GCC_NO_COMMON_BLOCKS = YES;
				GCC_WARN_64_TO_32_BIT_CONVERSION = YES;
				GCC_WARN_ABOUT_RETURN_TYPE = YES_ERROR;
				GCC_WARN_UNDECLARED_SELECTOR = YES;
				GCC_WARN_UNINITIALIZED_AUTOS = YES_AGGRESSIVE;
				GCC_WARN_UNUSED_FUNCTION = YES;
				GCC_WARN_UNUSED_VARIABLE = YES;
				IPHONEOS_DEPLOYMENT_TARGET = 17.0;
				LOCALIZATION_PREFERS_STRING_CATALOGS = YES;
				MTL_ENABLE_DEBUG_INFO = NO;
				MTL_FAST_MATH = YES;
				SDKROOT = iphoneos;
				SWIFT_COMPILATION_MODE = wholemodule;
				VALIDATE_PRODUCT = YES;
			};
			name = Release;
		};
		A1234567890123456789057 /* Debug */ = {
			isa = XCBuildConfiguration;
			buildSettings = {
				ASSETCATALOG_COMPILER_APPICON_NAME = AppIcon;
				ASSETCATALOG_COMPILER_GLOBAL_ACCENT_COLOR_NAME = AccentColor;
				ASSETCATALOG_COMPILER_INCLUDE_ALL_APPICON_ASSETS = YES;
				CODE_SIGN_ENTITLEMENTS = FlowPace/FlowPace.entitlements;
				CODE_SIGN_STYLE = Automatic;
				CURRENT_PROJECT_VERSION = 4;
				DEVELOPMENT_TEAM = "";
				ENABLE_PREVIEWS = YES;
				GENERATE_INFOPLIST_FILE = YES;
				INFOPLIST_FILE = FlowPace/Info.plist;
				INFOPLIST_KEY_LSApplicationCategoryType = "public.app-category.lifestyle";
				INFOPLIST_KEY_UIApplicationSceneManifest_Generation = YES;
				INFOPLIST_KEY_UIApplicationSupportsIndirectInputEvents = YES;
				INFOPLIST_KEY_UILaunchScreen_Generation = YES;
				INFOPLIST_KEY_UISupportedInterfaceOrientations_iPad = "UIInterfaceOrientationPortrait UIInterfaceOrientationPortraitUpsideDown UIInterfaceOrientationLandscapeLeft UIInterfaceOrientationLandscapeRight";
				INFOPLIST_KEY_UISupportedInterfaceOrientations_iPhone = "UIInterfaceOrientationPortrait UIInterfaceOrientationLandscapeLeft UIInterfaceOrientationLandscapeRight";
				LD_RUNPATH_SEARCH_PATHS = (
					"$(inherited)",
					"@executable_path/Frameworks",
				);
				MARKETING_VERSION = 1.2;
				PRODUCT_BUNDLE_IDENTIFIER = com.flowpace.app;
				PRODUCT_NAME = "$(TARGET_NAME)";
				SWIFT_EMIT_LOC_STRINGS = YES;
				SWIFT_VERSION = 5.0;
				TARGETED_DEVICE_FAMILY = "1,2";
			};
			name = Debug;
		};
		A1234567890123456789058 /* Release */ = {
			isa = XCBuildConfiguration;
			buildSettings = {
				ASSETCATALOG_COMPILER_APPICON_NAME = AppIcon;
				ASSETCATALOG_COMPILER_GLOBAL_ACCENT_COLOR_NAME = AccentColor;
				ASSETCATALOG_COMPILER_INCLUDE_ALL_APPICON_ASSETS = YES;
				CODE_SIGN_ENTITLEMENTS = FlowPace/FlowPace.entitlements;
				CODE_SIGN_STYLE = Automatic;
				CURRENT_PROJECT_VERSION = 4;
				DEVELOPMENT_TEAM = "";
				ENABLE_PREVIEWS = YES;
				GENERATE_INFOPLIST_FILE = YES;
				INFOPLIST_FILE = FlowPace/Info.plist;
				INFOPLIST_KEY_LSApplicationCategoryType = "public.app-category.lifestyle";
				INFOPLIST_KEY_UIApplicationSceneManifest_Generation = YES;
				INFOPLIST_KEY_UIApplicationSupportsIndirectInputEvents = YES;
				INFOPLIST_KEY_UILaunchScreen_Generation = YES;
				INFOPLIST_KEY_UISupportedInterfaceOrientations_iPad = "UIInterfaceOrientationPortrait UIInterfaceOrientationPortraitUpsideDown UIInterfaceOrientationPortraitUpsideDown UIInterfaceOrientationLandscapeLeft UIInterfaceOrientationLandscapeRight";
				INFOPLIST_KEY_UISupportedInterfaceOrientations_iPhone = "UIInterfaceOrientationPortrait UIInterfaceOrientationLandscapeLeft UIInterfaceOrientationLandscapeRight";
				LD_RUNPATH_SEARCH_PATHS = (
					"$(inherited)",
					"@executable_path/Frameworks",
				);
				MARKETING_VERSION = 1.2;
				PRODUCT_BUNDLE_IDENTIFIER = com.flowpace.app;
				PRODUCT_NAME = "$(TARGET_NAME)";
				SWIFT_EMIT_LOC_STRINGS = YES;
				SWIFT_VERSION = 5.0;
				TARGETED_DEVICE_FAMILY = "1,2";
			};
			name = Release;
		};
/* End XCBuildConfiguration section */

/* Begin XCConfigurationList section */
		A1234567890123456789050 /* Build configuration list for PBXNativeTarget "FlowPace" */ = {
			isa = XCConfigurationList;
			buildConfigurations = (
				A1234567890123456789057 /* Debug */,
				A1234567890123456789058 /* Release */,
			);
			defaultConfigurationIsVisible = 0;
			defaultConfigurationName = Release;
		};
		A1234567890123456789054 /* Build configuration list for PBXProject "FlowPace" */ = {
			isa = XCConfigurationList;
			buildConfigurations = (
				A1234567890123456789055 /* Debug */,
				A1234567890123456789056 /* Release */,
			);
			defaultConfigurationIsVisible = 0;
			defaultConfigurationName = Release;
		};
/* End XCConfigurationList section */
	};
	rootObject = A1234567890123456789053 /* Project object */;
}
